
Microsoft Visual Studio Solution File, Format Version 12.00
# Visual Studio 15
VisualStudioVersion = 15.0.28306.52
MinimumVisualStudioVersion = 10.0.40219.1
Project("{FAE04EC0-301F-11D3-BF4B-00C04F79EFBC}") = "BoulderDash", "BoulderDash\BoulderDash.csproj", "{BFCD7DC0-3425-436F-BF81-DF88805F2462}"
EndProject
Global
	GlobalSection(SolutionConfigurationPlatforms) = preSolution
		Debug|Any CPU = Debug|Any CPU
		Release|Any CPU = Release|Any CPU
	EndGlobalSection
	GlobalSection(ProjectConfigurationPlatforms) = postSolution
		{BFCD7DC0-3425-436F-BF81-DF88805F2462}.Debug|Any CPU.ActiveCfg = Debug|Any CPU
		{BFCD7DC0-3425-436F-BF81-DF88805F2462}.Debug|Any CPU.Build.0 = Debug|Any CPU
		{BFCD7DC0-3425-436F-BF81-DF88805F2462}.Release|Any CPU.ActiveCfg = Release|Any CPU
		{BFCD7DC0-3425-436F-BF81-DF88805F2462}.Release|Any CPU.Build.0 = Release|Any CPU
	EndGlobalSection
	GlobalSection(SolutionProperties) = preSolution
		HideSolutionNode = FALSE
	EndGlobalSection
	GlobalSection(ExtensibilityGlobals) = postSolution
		SolutionGuid = {FA7FF5A4-6EBD-4A43-9C9B-1FDF6F825563}
	EndGlobalSection
EndGlobal
